
Microsoft Visual Studio Solution File, Format Version 12.00
# Visual Studio Version 17
VisualStudioVersion = 17.4.33205.214
MinimumVisualStudioVersion = 10.0.40219.1
Project("{9A19103F-16F7-4668-BE54-9A1E7A4F7556}") = "InMoovCmd", "Apps\InMoovCmd\InMoovCmd.csproj", "{95EC75A2-BA8A-4549-BB6E-A2771EC1079C}"
EndProject
Project("{9A19103F-16F7-4668-BE54-9A1E7A4F7556}") = "InMoovSharp", "InMoovSharp\InMoovSharp.csproj", "{15A89DFE-D24C-4550-A045-7812DFC8FAEB}"
EndProject
Project("{9A19103F-16F7-4668-BE54-9A1E7A4F7556}") = "SAMSpeechSynthesis", "Plugins\SAMSpeechSynthesis\SAMSpeechSynthesis.csproj", "{1445BB7D-7C35-4FCB-87DF-7FA2B3AAD562}"
EndProject
Project("{9A19103F-16F7-4668-BE54-9A1E7A4F7556}") = "VoiceRSS", "Plugins\VoiceRSS\VoiceRSS.csproj", "{1E0378BD-C143-4726-BD8A-C810D7FBB537}"
EndProject
Project("{9A19103F-16F7-4668-BE54-9A1E7A4F7556}") = "OpenAI.Net", "Plugins\OpenAI.Net\OpenAI.Net.csproj", "{511C2E5F-5A93-40BD-9AEC-2428F077EBA6}"
EndProject
Project("{9A19103F-16F7-4668-BE54-9A1E7A4F7556}") = "AIML.Net", "Plugins\AIML.Net\AIML.Net.csproj", "{F4FD12D4-003F-4DC7-8E41-1527F24E38D6}"
EndProject
Project("{2150E333-8FDC-42A3-9474-1A3956D46DE8}") = "Plugins", "Plugins", "{316DE159-0A54-4BB5-AB59-D045423FB801}"
EndProject
Project("{9A19103F-16F7-4668-BE54-9A1E7A4F7556}") = "Vosk", "Plugins\Vosk\Vosk.csproj", "{72DF12EC-5F14-4EC3-866D-F090AA695DE9}"
EndProject
Project("{2150E333-8FDC-42A3-9474-1A3956D46DE8}") = "Apps", "Apps", "{FE646A89-940C-492D-BEBB-96895442DBA0}"
EndProject
Global
	GlobalSection(SolutionConfigurationPlatforms) = preSolution
		Debug|Any CPU = Debug|Any CPU
		Release|Any CPU = Release|Any CPU
	EndGlobalSection
	GlobalSection(ProjectConfigurationPlatforms) = postSolution
		{95EC75A2-BA8A-4549-BB6E-A2771EC1079C}.Debug|Any CPU.ActiveCfg = Debug|Any CPU
		{95EC75A2-BA8A-4549-BB6E-A2771EC1079C}.Debug|Any CPU.Build.0 = Debug|Any CPU
		{95EC75A2-BA8A-4549-BB6E-A2771EC1079C}.Release|Any CPU.ActiveCfg = Release|Any CPU
		{95EC75A2-BA8A-4549-BB6E-A2771EC1079C}.Release|Any CPU.Build.0 = Release|Any CPU
		{15A89DFE-D24C-4550-A045-7812DFC8FAEB}.Debug|Any CPU.ActiveCfg = Debug|Any CPU
		{15A89DFE-D24C-4550-A045-7812DFC8FAEB}.Debug|Any CPU.Build.0 = Debug|Any CPU
		{15A89DFE-D24C-4550-A045-7812DFC8FAEB}.Release|Any CPU.ActiveCfg = Release|Any CPU
		{15A89DFE-D24C-4550-A045-7812DFC8FAEB}.Release|Any CPU.Build.0 = Release|Any CPU
		{1445BB7D-7C35-4FCB-87DF-7FA2B3AAD562}.Debug|Any CPU.ActiveCfg = Debug|Any CPU
		{1445BB7D-7C35-4FCB-87DF-7FA2B3AAD562}.Debug|Any CPU.Build.0 = Debug|Any CPU
		{1445BB7D-7C35-4FCB-87DF-7FA2B3AAD562}.Release|Any CPU.ActiveCfg = Release|Any CPU
		{1445BB7D-7C35-4FCB-87DF-7FA2B3AAD562}.Release|Any CPU.Build.0 = Release|Any CPU
		{1E0378BD-C143-4726-BD8A-C810D7FBB537}.Debug|Any CPU.ActiveCfg = Debug|Any CPU
		{1E0378BD-C143-4726-BD8A-C810D7FBB537}.Debug|Any CPU.Build.0 = Debug|Any CPU
		{1E0378BD-C143-4726-BD8A-C810D7FBB537}.Release|Any CPU.ActiveCfg = Release|Any CPU
		{1E0378BD-C143-4726-BD8A-C810D7FBB537}.Release|Any CPU.Build.0 = Release|Any CPU
		{511C2E5F-5A93-40BD-9AEC-2428F077EBA6}.Debug|Any CPU.ActiveCfg = Debug|Any CPU
		{511C2E5F-5A93-40BD-9AEC-2428F077EBA6}.Debug|Any CPU.Build.0 = Debug|Any CPU
		{511C2E5F-5A93-40BD-9AEC-2428F077EBA6}.Release|Any CPU.ActiveCfg = Release|Any CPU
		{511C2E5F-5A93-40BD-9AEC-2428F077EBA6}.Release|Any CPU.Build.0 = Release|Any CPU
		{F4FD12D4-003F-4DC7-8E41-1527F24E38D6}.Debug|Any CPU.ActiveCfg = Debug|Any CPU
		{F4FD12D4-003F-4DC7-8E41-1527F24E38D6}.Debug|Any CPU.Build.0 = Debug|Any CPU
		{F4FD12D4-003F-4DC7-8E41-1527F24E38D6}.Release|Any CPU.ActiveCfg = Release|Any CPU
		{F4FD12D4-003F-4DC7-8E41-1527F24E38D6}.Release|Any CPU.Build.0 = Release|Any CPU
		{72DF12EC-5F14-4EC3-866D-F090AA695DE9}.Debug|Any CPU.ActiveCfg = Debug|Any CPU
		{72DF12EC-5F14-4EC3-866D-F090AA695DE9}.Debug|Any CPU.Build.0 = Debug|Any CPU
		{72DF12EC-5F14-4EC3-866D-F090AA695DE9}.Release|Any CPU.ActiveCfg = Release|Any CPU
		{72DF12EC-5F14-4EC3-866D-F090AA695DE9}.Release|Any CPU.Build.0 = Release|Any CPU
	EndGlobalSection
	GlobalSection(SolutionProperties) = preSolution
		HideSolutionNode = FALSE
	EndGlobalSection
	GlobalSection(NestedProjects) = preSolution
		{95EC75A2-BA8A-4549-BB6E-A2771EC1079C} = {FE646A89-940C-492D-BEBB-96895442DBA0}
		{1445BB7D-7C35-4FCB-87DF-7FA2B3AAD562} = {316DE159-0A54-4BB5-AB59-D045423FB801}
		{1E0378BD-C143-4726-BD8A-C810D7FBB537} = {316DE159-0A54-4BB5-AB59-D045423FB801}
		{511C2E5F-5A93-40BD-9AEC-2428F077EBA6} = {316DE159-0A54-4BB5-AB59-D045423FB801}
		{F4FD12D4-003F-4DC7-8E41-1527F24E38D6} = {316DE159-0A54-4BB5-AB59-D045423FB801}
		{72DF12EC-5F14-4EC3-866D-F090AA695DE9} = {316DE159-0A54-4BB5-AB59-D045423FB801}
	EndGlobalSection
	GlobalSection(ExtensibilityGlobals) = postSolution
		SolutionGuid = {EE9DA79D-2B39-4EB5-BFE1-815374A7E5D4}
	EndGlobalSection
EndGlobal
